// !$*UTF8*$!
{
	archiveVersion = 1;
	classes = {
	};
	objectVersion = 50;
	objects = {

/* Begin PBXBuildFile section */
		48711EB52586560B00BA7DDB /* AppDelegate.swift in Sources */ = {isa = PBXBuildFile; fileRef = 48711EB42586560B00BA7DDB /* AppDelegate.swift */; };
		48711EB72586560B00BA7DDB /* SceneDelegate.swift in Sources */ = {isa = PBXBuildFile; fileRef = 48711EB62586560B00BA7DDB /* SceneDelegate.swift */; };
		48711EB92586560B00BA7DDB /* ContentView.swift in Sources */ = {isa = PBXBuildFile; fileRef = 48711EB82586560B00BA7DDB /* ContentView.swift */; };
		48711EBB2586560D00BA7DDB /* Assets.xcassets in Resources */ = {isa = PBXBuildFile; fileRef = 48711EBA2586560D00BA7DDB /* Assets.xcassets */; };
		48711EBE2586560D00BA7DDB /* Preview Assets.xcassets in Resources */ = {isa = PBXBuildFile; fileRef = 48711EBD2586560D00BA7DDB /* Preview Assets.xcassets */; };
		48711EC12586560D00BA7DDB /* LaunchScreen.storyboard in Resources */ = {isa = PBXBuildFile; fileRef = 48711EBF2586560D00BA7DDB /* LaunchScreen.storyboard */; };
		48711ECB2586592200BA7DDB /* Pacifico-Regular.ttf in Resources */ = {isa = PBXBuildFile; fileRef = 48711ECA2586592200BA7DDB /* Pacifico-Regular.ttf */; };
		48711ECF258664BD00BA7DDB /* InfoView.swift in Sources */ = {isa = PBXBuildFile; fileRef = 48711ECE258664BD00BA7DDB /* InfoView.swift */; };
/* End PBXBuildFile section */

/* Begin PBXFileReference section */
		48711EB12586560B00BA7DDB /* EmilVaklinovCard.app */ = {isa = PBXFileReference; explicitFileType = wrapper.application; includeInIndex = 0; path = EmilVaklinovCard.app; sourceTree = BUILT_PRODUCTS_DIR; };
		48711EB42586560B00BA7DDB /* AppDelegate.swift */ = {isa = PBXFileReference; lastKnownFileType = sourcecode.swift; path = AppDelegate.swift; sourceTree = "<group>"; };
		48711EB62586560B00BA7DDB /* SceneDelegate.swift */ = {isa = PBXFileReference; lastKnownFileType = sourcecode.swift; path = SceneDelegate.swift; sourceTree = "<group>"; };
		48711EB82586560B00BA7DDB /* ContentView.swift */ = {isa = PBXFileReference; lastKnownFileType = sourcecode.swift; path = ContentView.swift; sourceTree = "<group>"; };
		48711EBA2586560D00BA7DDB /* Assets.xcassets */ = {isa = PBXFileReference; lastKnownFileType = folder.assetcatalog; path = Assets.xcassets; sourceTree = "<group>"; };
		48711EBD2586560D00BA7DDB /* Preview Assets.xcassets */ = {isa = PBXFileReference; lastKnownFileType = folder.assetcatalog; path = "Preview Assets.xcassets"; sourceTree = "<group>"; };
		48711EC02586560D00BA7DDB /* Base */ = {isa = PBXFileReference; lastKnownFileType = file.storyboard; name = Base; path = Base.lproj/LaunchScreen.storyboard; sourceTree = "<group>"; };
		48711EC22586560D00BA7DDB /* Info.plist */ = {isa = PBXFileReference; lastKnownFileType = text.plist.xml; path = Info.plist; sourceTree = "<group>"; };
		48711ECA2586592200BA7DDB /* Pacifico-Regular.ttf */ = {isa = PBXFileReference; lastKnownFileType = file; path = "Pacifico-Regular.ttf"; sourceTree = "<group>"; };
		48711ECE258664BD00BA7DDB /* InfoView.swift */ = {isa = PBXFileReference; lastKnownFileType = sourcecode.swift; path = InfoView.swift; sourceTree = "<group>"; };
/* End PBXFileReference section */

/* Begin PBXFrameworksBuildPhase section */
		48711EAE2586560B00BA7DDB /* Frameworks */ = {
			isa = PBXFrameworksBuildPhase;
			buildActionMask = 2147483647;
			files = (
			);
			runOnlyForDeploymentPostprocessing = 0;
		};
/* End PBXFrameworksBuildPhase section */

/* Begin PBXGroup section */
		48711EA82586560A00BA7DDB = {
			isa = PBXGroup;
			children = (
				48711EB32586560B00BA7DDB /* EmilVaklinovCard */,
				48711EB22586560B00BA7DDB /* Products */,
			);
			sourceTree = "<group>";
		};
		48711EB22586560B00BA7DDB /* Products */ = {
			isa = PBXGroup;
			children = (
				48711EB12586560B00BA7DDB /* EmilVaklinovCard.app */,
			);
			name = Products;
			sourceTree = "<group>";
		};
		48711EB32586560B00BA7DDB /* EmilVaklinovCard */ = {
			isa = PBXGroup;
			children = (
				48711EC92586590300BA7DDB /* Fonts */,
				48711EB42586560B00BA7DDB /* AppDelegate.swift */,
				48711EB62586560B00BA7DDB /* SceneDelegate.swift */,
				48711EB82586560B00BA7DDB /* ContentView.swift */,
				48711EBA2586560D00BA7DDB /* Assets.xcassets */,
				48711EBF2586560D00BA7DDB /* LaunchScreen.storyboard */,
				48711EC22586560D00BA7DDB /* Info.plist */,
				48711EBC2586560D00BA7DDB /* Preview Content */,
				48711ECE258664BD00BA7DDB /* InfoView.swift */,
			);
			path = EmilVaklinovCard;
			sourceTree = "<group>";
		};
		48711EBC2586560D00BA7DDB /* Preview Content */ = {
			isa = PBXGroup;
			children = (
				48711EBD2586560D00BA7DDB /* Preview Assets.xcassets */,
			);
			path = "Preview Content";
			sourceTree = "<group>";
		};
		48711EC92586590300BA7DDB /* Fonts */ = {
			isa = PBXGroup;
			children = (
				48711ECA2586592200BA7DDB /* Pacifico-Regular.ttf */,
			);
			path = Fonts;
			sourceTree = "<group>";
		};
/* End PBXGroup section */

/* Begin PBXNativeTarget section */
		48711EB02586560B00BA7DDB /* EmilVaklinovCard */ = {
			isa = PBXNativeTarget;
			buildConfigurationList = 48711EC52586560D00BA7DDB /* Build configuration list for PBXNativeTarget "EmilVaklinovCard" */;
			buildPhases = (
				48711EAD2586560B00BA7DDB /* Sources */,
				48711EAE2586560B00BA7DDB /* Frameworks */,
				48711EAF2586560B00BA7DDB /* Resources */,
			);
			buildRules = (
			);
			dependencies = (
			);
			name = EmilVaklinovCard;
			productName = EmilVaklinovCard;
			productReference = 48711EB12586560B00BA7DDB /* EmilVaklinovCard.app */;
			productType = "com.apple.product-type.application";
		};
/* End PBXNativeTarget section */

/* Begin PBXProject section */
		48711EA92586560B00BA7DDB /* Project object */ = {
			isa = PBXProject;
			attributes = {
				LastSwiftUpdateCheck = 1220;
				LastUpgradeCheck = 1220;
				TargetAttributes = {
					48711EB02586560B00BA7DDB = {
						CreatedOnToolsVersion = 12.2;
					};
				};
			};
			buildConfigurationList = 48711EAC2586560B00BA7DDB /* Build configuration list for PBXProject "EmilVaklinovCard" */;
			compatibilityVersion = "Xcode 9.3";
			developmentRegion = en;
			hasScannedForEncodings = 0;
			knownRegions = (
				en,
				Base,
			);
			mainGroup = 48711EA82586560A00BA7DDB;
			productRefGroup = 48711EB22586560B00BA7DDB /* Products */;
			projectDirPath = "";
			projectRoot = "";
			targets = (
				48711EB02586560B00BA7DDB /* EmilVaklinovCard */,
			);
		};
/* End PBXProject section */

/* Begin PBXResourcesBuildPhase section */
		48711EAF2586560B00BA7DDB /* Resources */ = {
			isa = PBXResourcesBuildPhase;
			buildActionMask = 2147483647;
			files = (
				48711EC12586560D00BA7DDB /* LaunchScreen.storyboard in Resources */,
				48711ECB2586592200BA7DDB /* Pacifico-Regular.ttf in Resources */,
				48711EBE2586560D00BA7DDB /* Preview Assets.xcassets in Resources */,
				48711EBB2586560D00BA7DDB /* Assets.xcassets in Resources */,
			);
			runOnlyForDeploymentPostprocessing = 0;
		};
/* End PBXResourcesBuildPhase section */

/* Begin PBXSourcesBuildPhase section */
		48711EAD2586560B00BA7DDB /* Sources */ = {
			isa = PBXSourcesBuildPhase;
			buildActionMask = 2147483647;
			files = (
				48711ECF258664BD00BA7DDB /* InfoView.swift in Sources */,
				48711EB52586560B00BA7DDB /* AppDelegate.swift in Sources */,
				48711EB72586560B00BA7DDB /* SceneDelegate.swift in Sources */,
				48711EB92586560B00BA7DDB /* ContentView.swift in Sources */,
			);
			runOnlyForDeploymentPostprocessing = 0;
		};
/* End PBXSourcesBuildPhase section */

/* Begin PBXVariantGroup section */
		48711EBF2586560D00BA7DDB /* LaunchScreen.storyboard */ = {
			isa = PBXVariantGroup;
			children = (
				48711EC02586560D00BA7DDB /* Base */,
			);
			name = LaunchScreen.storyboard;
			sourceTree = "<group>";
		};
/* End PBXVariantGroup section */

/* Begin XCBuildConfiguration section */
		48711EC32586560D00BA7DDB /* Debug */ = {
			isa = XCBuildConfiguration;
			buildSettings = {
				ALWAYS_SEARCH_USER_PATHS = NO;
				CLANG_ANALYZER_NONNULL = YES;
				CLANG_ANALYZER_NUMBER_OBJECT_CONVERSION = YES_AGGRESSIVE;
				CLANG_CXX_LANGUAGE_STANDARD = "gnu++14";
				CLANG_CXX_LIBRARY = "libc++";
				CLANG_ENABLE_MODULES = YES;
				CLANG_ENABLE_OBJC_ARC = YES;
				CLANG_ENABLE_OBJC_WEAK = YES;
				CLANG_WARN_BLOCK_CAPTURE_AUTORELEASING = YES;
				CLANG_WARN_BOOL_CONVERSION = YES;
				CLANG_WARN_COMMA = YES;
				CLANG_WARN_CONSTANT_CONVERSION = YES;
				CLANG_WARN_DEPRECATED_OBJC_IMPLEMENTATIONS = YES;
				CLANG_WARN_DIRECT_OBJC_ISA_USAGE = YES_ERROR;
				CLANG_WARN_DOCUMENTATION_COMMENTS = YES;
				CLANG_WARN_EMPTY_BODY = YES;
				CLANG_WARN_ENUM_CONVERSION = YES;
				CLANG_WARN_INFINITE_RECURSION = YES;
				CLANG_WARN_INT_CONVERSION = YES;
				CLANG_WARN_NON_LITERAL_NULL_CONVERSION = YES;
				CLANG_WARN_OBJC_IMPLICIT_RETAIN_SELF = YES;
				CLANG_WARN_OBJC_LITERAL_CONVERSION = YES;
				CLANG_WARN_OBJC_ROOT_CLASS = YES_ERROR;
				CLANG_WARN_QUOTED_INCLUDE_IN_FRAMEWORK_HEADER = YES;
				CLANG_WARN_RANGE_LOOP_ANALYSIS = YES;
				CLANG_WARN_STRICT_PROTOTYPES = YES;
				CLANG_WARN_SUSPICIOUS_MOVE = YES;
				CLANG_WARN_UNGUARDED_AVAILABILITY = YES_AGGRESSIVE;
				CLANG_WARN_UNREACHABLE_CODE = YES;
				CLANG_WARN__DUPLICATE_METHOD_MATCH = YES;
				COPY_PHASE_STRIP = NO;
				DEBUG_INFORMATION_FORMAT = dwarf;
				ENABLE_STRICT_OBJC_MSGSEND = YES;
				ENABLE_TESTABILITY = YES;
				GCC_C_LANGUAGE_STANDARD = gnu11;
				GCC_DYNAMIC_NO_PIC = NO;
				GCC_NO_COMMON_BLOCKS = YES;
				GCC_OPTIMIZATION_LEVEL = 0;
				GCC_PREPROCESSOR_DEFINITIONS = (
					"DEBUG=1",
					"$(inherited)",
				);
				GCC_WARN_64_TO_32_BIT_CONVERSION = YES;
				GCC_WARN_ABOUT_RETURN_TYPE = YES_ERROR;
				GCC_WARN_UNDECLARED_SELECTOR = YES;
				GCC_WARN_UNINITIALIZED_AUTOS = YES_AGGRESSIVE;
				GCC_WARN_UNUSED_FUNCTION = YES;
				GCC_WARN_UNUSED_VARIABLE = YES;
				IPHONEOS_DEPLOYMENT_TARGET = 14.2;
				MTL_ENABLE_DEBUG_INFO = INCLUDE_SOURCE;
				MTL_FAST_MATH = YES;
				ONLY_ACTIVE_ARCH = YES;
				SDKROOT = iphoneos;
				SWIFT_ACTIVE_COMPILATION_CONDITIONS = DEBUG;
				SWIFT_OPTIMIZATION_LEVEL = "-Onone";
			};
			name = Debug;
		};
		48711EC42586560D00BA7DDB /* Release */ = {
			isa = XCBuildConfiguration;
			buildSettings = {
				ALWAYS_SEARCH_USER_PATHS = NO;
				CLANG_ANALYZER_NONNULL = YES;
				CLANG_ANALYZER_NUMBER_OBJECT_CONVERSION = YES_AGGRESSIVE;
				CLANG_CXX_LANGUAGE_STANDARD = "gnu++14";
				CLANG_CXX_LIBRARY = "libc++";
				CLANG_ENABLE_MODULES = YES;
				CLANG_ENABLE_OBJC_ARC = YES;
				CLANG_ENABLE_OBJC_WEAK = YES;
				CLANG_WARN_BLOCK_CAPTURE_AUTORELEASING = YES;
				CLANG_WARN_BOOL_CONVERSION = YES;
				CLANG_WARN_COMMA = YES;
				CLANG_WARN_CONSTANT_CONVERSION = YES;
				CLANG_WARN_DEPRECATED_OBJC_IMPLEMENTATIONS = YES;
				CLANG_WARN_DIRECT_OBJC_ISA_USAGE = YES_ERROR;
				CLANG_WARN_DOCUMENTATION_COMMENTS = YES;
				CLANG_WARN_EMPTY_BODY = YES;
				CLANG_WARN_ENUM_CONVERSION = YES;
				CLANG_WARN_INFINITE_RECURSION = YES;
				CLANG_WARN_INT_CONVERSION = YES;
				CLANG_WARN_NON_LITERAL_NULL_CONVERSION = YES;
				CLANG_WARN_OBJC_IMPLICIT_RETAIN_SELF = YES;
				CLANG_WARN_OBJC_LITERAL_CONVERSION = YES;
				CLANG_WARN_OBJC_ROOT_CLASS = YES_ERROR;
				CLANG_WARN_QUOTED_INCLUDE_IN_FRAMEWORK_HEADER = YES;
				CLANG_WARN_RANGE_LOOP_ANALYSIS = YES;
				CLANG_WARN_STRICT_PROTOTYPES = YES;
				CLANG_WARN_SUSPICIOUS_MOVE = YES;
				CLANG_WARN_UNGUARDED_AVAILABILITY = YES_AGGRESSIVE;
				CLANG_WARN_UNREACHABLE_CODE = YES;
				CLANG_WARN__DUPLICATE_METHOD_MATCH = YES;
				COPY_PHASE_STRIP = NO;
				DEBUG_INFORMATION_FORMAT = "dwarf-with-dsym";
				ENABLE_NS_ASSERTIONS = NO;
				ENABLE_STRICT_OBJC_MSGSEND = YES;
				GCC_C_LANGUAGE_STANDARD = gnu11;
				GCC_NO_COMMON_BLOCKS = YES;
				GCC_WARN_64_TO_32_BIT_CONVERSION = YES;
				GCC_WARN_ABOUT_RETURN_TYPE = YES_ERROR;
				GCC_WARN_UNDECLARED_SELECTOR = YES;
				GCC_WARN_UNINITIALIZED_AUTOS = YES_AGGRESSIVE;
				GCC_WARN_UNUSED_FUNCTION = YES;
				GCC_WARN_UNUSED_VARIABLE = YES;
				IPHONEOS_DEPLOYMENT_TARGET = 14.2;
				MTL_ENABLE_DEBUG_INFO = NO;
				MTL_FAST_MATH = YES;
				SDKROOT = iphoneos;
				SWIFT_COMPILATION_MODE = wholemodule;
				SWIFT_OPTIMIZATION_LEVEL = "-O";
				VALIDATE_PRODUCT = YES;
			};
			name = Release;
		};
		48711EC62586560D00BA7DDB /* Debug */ = {
			isa = XCBuildConfiguration;
			buildSettings = {
				ASSETCATALOG_COMPILER_APPICON_NAME = AppIcon;
				ASSETCATALOG_COMPILER_GLOBAL_ACCENT_COLOR_NAME = AccentColor;
				CODE_SIGN_STYLE = Automatic;
				DEVELOPMENT_ASSET_PATHS = "\"EmilVaklinovCard/Preview Content\"";
				ENABLE_PREVIEWS = YES;
				INFOPLIST_FILE = EmilVaklinovCard/Info.plist;
				LD_RUNPATH_SEARCH_PATHS = (
					"$(inherited)",
					"@executable_path/Frameworks",
				);
				PRODUCT_BUNDLE_IDENTIFIER = com.emil.EmilVaklinovCard;
				PRODUCT_NAME = "$(TARGET_NAME)";
				SWIFT_VERSION = 5.0;
				TARGETED_DEVICE_FAMILY = "1,2";
			};
			name = Debug;
		};
		48711EC72586560D00BA7DDB /* Release */ = {
			isa = XCBuildConfiguration;
			buildSettings = {
				ASSETCATALOG_COMPILER_APPICON_NAME = AppIcon;
				ASSETCATALOG_COMPILER_GLOBAL_ACCENT_COLOR_NAME = AccentColor;
				CODE_SIGN_STYLE = Automatic;
				DEVELOPMENT_ASSET_PATHS = "\"EmilVaklinovCard/Preview Content\"";
				ENABLE_PREVIEWS = YES;
				INFOPLIST_FILE = EmilVaklinovCard/Info.plist;
				LD_RUNPATH_SEARCH_PATHS = (
					"$(inherited)",
					"@executable_path/Frameworks",
				);
				PRODUCT_BUNDLE_IDENTIFIER = com.emil.EmilVaklinovCard;
				PRODUCT_NAME = "$(TARGET_NAME)";
				SWIFT_VERSION = 5.0;
				TARGETED_DEVICE_FAMILY = "1,2";
			};
			name = Release;
		};
/* End XCBuildConfiguration section */

/* Begin XCConfigurationList section */
		48711EAC2586560B00BA7DDB /* Build configuration list for PBXProject "EmilVaklinovCard" */ = {
			isa = XCConfigurationList;
			buildConfigurations = (
				48711EC32586560D00BA7DDB /* Debug */,
				48711EC42586560D00BA7DDB /* Release */,
			);
			defaultConfigurationIsVisible = 0;
			defaultConfigurationName = Release;
		};
		48711EC52586560D00BA7DDB /* Build configuration list for PBXNativeTarget "EmilVaklinovCard" */ = {
			isa = XCConfigurationList;
			buildConfigurations = (
				48711EC62586560D00BA7DDB /* Debug */,
				48711EC72586560D00BA7DDB /* Release */,
			);
			defaultConfigurationIsVisible = 0;
			defaultConfigurationName = Release;
		};
/* End XCConfigurationList section */
	};
	rootObject = 48711EA92586560B00BA7DDB /* Project object */;
}
